github.com/pkg/errors v0.9.1 h1:FEBLx1zS214owpjy7qsBeixbURkuhQAwrK5UwLGTwt4=
github.com/pkg/errors v0.9.1/go.mod h1:bwawxfHBFNV+L2hUp1rHADufV3IMtnDRdf1r5NINEl0=
golang.org/x/exp v0.0.0-20220826144839-4cc3b17fd1f1 h1:23tEG3VOJFEUqm3v27KKAofQY2YrfStPXbjRAOYMS8k=
golang.org/x/exp v0.0.0-20220826144839-4cc3b17fd1f1/go.mod h1:cyybsKvd6eL0RnXn6p/Grxp8F5bW7iYuBgsNCOHpMYE=
